
Microsoft Visual Studio Solution File, Format Version 12.00
# Visual Studio Version 17
VisualStudioVersion = 17.1.32414.318
MinimumVisualStudioVersion = 10.0.40219.1
Project("{FAE04EC0-301F-11D3-BF4B-00C04F79EFBC}") = "Prototype", "Prototype\Prototype.csproj", "{383A8BD6-5FCA-4F77-8592-97EAB1D38D76}"
EndProject
Global
	GlobalSection(SolutionConfigurationPlatforms) = preSolution
		Debug|Any CPU = Debug|Any CPU
		Release|Any CPU = Release|Any CPU
	EndGlobalSection
	GlobalSection(ProjectConfigurationPlatforms) = postSolution
		{383A8BD6-5FCA-4F77-8592-97EAB1D38D76}.Debug|Any CPU.ActiveCfg = Debug|Any CPU
		{383A8BD6-5FCA-4F77-8592-97EAB1D38D76}.Debug|Any CPU.Build.0 = Debug|Any CPU
		{383A8BD6-5FCA-4F77-8592-97EAB1D38D76}.Release|Any CPU.ActiveCfg = Release|Any CPU
		{383A8BD6-5FCA-4F77-8592-97EAB1D38D76}.Release|Any CPU.Build.0 = Release|Any CPU
	EndGlobalSection
	GlobalSection(SolutionProperties) = preSolution
		HideSolutionNode = FALSE
	EndGlobalSection
	GlobalSection(ExtensibilityGlobals) = postSolution
		SolutionGuid = {FDF99B74-8C04-402B-B2FC-A7B0CBBAA324}
	EndGlobalSection
EndGlobal
