
Microsoft Visual Studio Solution File, Format Version 12.00
# Visual Studio Version 17
VisualStudioVersion = 17.1.32414.318
MinimumVisualStudioVersion = 10.0.40219.1
Project("{FAE04EC0-301F-11D3-BF4B-00C04F79EFBC}") = "FactoryMethod", "FactoryMethod\FactoryMethod.csproj", "{73DA585B-74CD-40E3-BDA3-D93B35C87596}"
EndProject
Global
	GlobalSection(SolutionConfigurationPlatforms) = preSolution
		Debug|Any CPU = Debug|Any CPU
		Release|Any CPU = Release|Any CPU
	EndGlobalSection
	GlobalSection(ProjectConfigurationPlatforms) = postSolution
		{73DA585B-74CD-40E3-BDA3-D93B35C87596}.Debug|Any CPU.ActiveCfg = Debug|Any CPU
		{73DA585B-74CD-40E3-BDA3-D93B35C87596}.Debug|Any CPU.Build.0 = Debug|Any CPU
		{73DA585B-74CD-40E3-BDA3-D93B35C87596}.Release|Any CPU.ActiveCfg = Release|Any CPU
		{73DA585B-74CD-40E3-BDA3-D93B35C87596}.Release|Any CPU.Build.0 = Release|Any CPU
	EndGlobalSection
	GlobalSection(SolutionProperties) = preSolution
		HideSolutionNode = FALSE
	EndGlobalSection
	GlobalSection(ExtensibilityGlobals) = postSolution
		SolutionGuid = {2A70FD23-8DA0-4691-B333-12D574448045}
	EndGlobalSection
EndGlobal
