
Microsoft Visual Studio Solution File, Format Version 12.00
# Visual Studio Version 17
VisualStudioVersion = 17.1.32414.318
MinimumVisualStudioVersion = 10.0.40219.1
Project("{FAE04EC0-301F-11D3-BF4B-00C04F79EFBC}") = "TemplateMethod", "TemplateMethod\TemplateMethod.csproj", "{DF0ACE4A-DD78-49AB-B86A-1651AA097AAB}"
EndProject
Global
	GlobalSection(SolutionConfigurationPlatforms) = preSolution
		Debug|Any CPU = Debug|Any CPU
		Release|Any CPU = Release|Any CPU
	EndGlobalSection
	GlobalSection(ProjectConfigurationPlatforms) = postSolution
		{DF0ACE4A-DD78-49AB-B86A-1651AA097AAB}.Debug|Any CPU.ActiveCfg = Debug|Any CPU
		{DF0ACE4A-DD78-49AB-B86A-1651AA097AAB}.Debug|Any CPU.Build.0 = Debug|Any CPU
		{DF0ACE4A-DD78-49AB-B86A-1651AA097AAB}.Release|Any CPU.ActiveCfg = Release|Any CPU
		{DF0ACE4A-DD78-49AB-B86A-1651AA097AAB}.Release|Any CPU.Build.0 = Release|Any CPU
	EndGlobalSection
	GlobalSection(SolutionProperties) = preSolution
		HideSolutionNode = FALSE
	EndGlobalSection
	GlobalSection(ExtensibilityGlobals) = postSolution
		SolutionGuid = {81ECF43B-FAF5-47D1-B7B6-26D551F9C69A}
	EndGlobalSection
EndGlobal
